// !$*UTF8*$!
{
	archiveVersion = 1;
	classes = {
	};
	objectVersion = 50;
	objects = {

/* Begin PBXBuildFile section */
		C111F83B23A17DB600601840 /* AppDelegate.swift in Sources */ = {isa = PBXBuildFile; fileRef = C111F83A23A17DB600601840 /* AppDelegate.swift */; };
		C111F83D23A17DB600601840 /* SceneDelegate.swift in Sources */ = {isa = PBXBuildFile; fileRef = C111F83C23A17DB600601840 /* SceneDelegate.swift */; };
		C111F83F23A17DB600601840 /* CountryViewController.swift in Sources */ = {isa = PBXBuildFile; fileRef = C111F83E23A17DB600601840 /* CountryViewController.swift */; };
		C111F84223A17DB600601840 /* Main.storyboard in Resources */ = {isa = PBXBuildFile; fileRef = C111F84023A17DB600601840 /* Main.storyboard */; };
		C111F84423A17DB900601840 /* Assets.xcassets in Resources */ = {isa = PBXBuildFile; fileRef = C111F84323A17DB900601840 /* Assets.xcassets */; };
		C111F84723A17DB900601840 /* LaunchScreen.storyboard in Resources */ = {isa = PBXBuildFile; fileRef = C111F84523A17DB900601840 /* LaunchScreen.storyboard */; };
		C111F84F23A17E4A00601840 /* CountryDetailViewController.swift in Sources */ = {isa = PBXBuildFile; fileRef = C111F84E23A17E4A00601840 /* CountryDetailViewController.swift */; };
		C111F85123A17FB700601840 /* Country.swift in Sources */ = {isa = PBXBuildFile; fileRef = C111F85023A17FB700601840 /* Country.swift */; };
		C111F85323A180F200601840 /* NetworkHelper.swift in Sources */ = {isa = PBXBuildFile; fileRef = C111F85223A180F200601840 /* NetworkHelper.swift */; };
		C111F85523A181EE00601840 /* AppError.swift in Sources */ = {isa = PBXBuildFile; fileRef = C111F85423A181EE00601840 /* AppError.swift */; };
		C1685CC523A18584008D464D /* CountryAPIClient.swift in Sources */ = {isa = PBXBuildFile; fileRef = C1685CC423A18584008D464D /* CountryAPIClient.swift */; };
		C1F16CCA23A196DD00293C7E /* CountryCell.swift in Sources */ = {isa = PBXBuildFile; fileRef = C1F16CC923A196DD00293C7E /* CountryCell.swift */; };
		C1F16CCC23A1A7C000293C7E /* ImageClient.swift in Sources */ = {isa = PBXBuildFile; fileRef = C1F16CCB23A1A7C000293C7E /* ImageClient.swift */; };
/* End PBXBuildFile section */

/* Begin PBXFileReference section */
		C111F83723A17DB600601840 /* Concurrency_Labe.app */ = {isa = PBXFileReference; explicitFileType = wrapper.application; includeInIndex = 0; path = Concurrency_Labe.app; sourceTree = BUILT_PRODUCTS_DIR; };
		C111F83A23A17DB600601840 /* AppDelegate.swift */ = {isa = PBXFileReference; lastKnownFileType = sourcecode.swift; path = AppDelegate.swift; sourceTree = "<group>"; };
		C111F83C23A17DB600601840 /* SceneDelegate.swift */ = {isa = PBXFileReference; lastKnownFileType = sourcecode.swift; path = SceneDelegate.swift; sourceTree = "<group>"; };
		C111F83E23A17DB600601840 /* CountryViewController.swift */ = {isa = PBXFileReference; lastKnownFileType = sourcecode.swift; path = CountryViewController.swift; sourceTree = "<group>"; };
		C111F84123A17DB600601840 /* Base */ = {isa = PBXFileReference; lastKnownFileType = file.storyboard; name = Base; path = Base.lproj/Main.storyboard; sourceTree = "<group>"; };
		C111F84323A17DB900601840 /* Assets.xcassets */ = {isa = PBXFileReference; lastKnownFileType = folder.assetcatalog; path = Assets.xcassets; sourceTree = "<group>"; };
		C111F84623A17DB900601840 /* Base */ = {isa = PBXFileReference; lastKnownFileType = file.storyboard; name = Base; path = Base.lproj/LaunchScreen.storyboard; sourceTree = "<group>"; };
		C111F84823A17DB900601840 /* Info.plist */ = {isa = PBXFileReference; lastKnownFileType = text.plist.xml; path = Info.plist; sourceTree = "<group>"; };
		C111F84E23A17E4A00601840 /* CountryDetailViewController.swift */ = {isa = PBXFileReference; lastKnownFileType = sourcecode.swift; path = CountryDetailViewController.swift; sourceTree = "<group>"; };
		C111F85023A17FB700601840 /* Country.swift */ = {isa = PBXFileReference; lastKnownFileType = sourcecode.swift; path = Country.swift; sourceTree = "<group>"; };
		C111F85223A180F200601840 /* NetworkHelper.swift */ = {isa = PBXFileReference; lastKnownFileType = sourcecode.swift; path = NetworkHelper.swift; sourceTree = "<group>"; };
		C111F85423A181EE00601840 /* AppError.swift */ = {isa = PBXFileReference; lastKnownFileType = sourcecode.swift; path = AppError.swift; sourceTree = "<group>"; };
		C1685CC423A18584008D464D /* CountryAPIClient.swift */ = {isa = PBXFileReference; lastKnownFileType = sourcecode.swift; path = CountryAPIClient.swift; sourceTree = "<group>"; };
		C1F16CC923A196DD00293C7E /* CountryCell.swift */ = {isa = PBXFileReference; lastKnownFileType = sourcecode.swift; path = CountryCell.swift; sourceTree = "<group>"; };
		C1F16CCB23A1A7C000293C7E /* ImageClient.swift */ = {isa = PBXFileReference; lastKnownFileType = sourcecode.swift; path = ImageClient.swift; sourceTree = "<group>"; };
/* End PBXFileReference section */

/* Begin PBXFrameworksBuildPhase section */
		C111F83423A17DB600601840 /* Frameworks */ = {
			isa = PBXFrameworksBuildPhase;
			buildActionMask = 2147483647;
			files = (
			);
			runOnlyForDeploymentPostprocessing = 0;
		};
/* End PBXFrameworksBuildPhase section */

/* Begin PBXGroup section */
		C111F82E23A17DB600601840 = {
			isa = PBXGroup;
			children = (
				C111F83923A17DB600601840 /* Concurrency_Labe */,
				C111F83823A17DB600601840 /* Products */,
			);
			sourceTree = "<group>";
		};
		C111F83823A17DB600601840 /* Products */ = {
			isa = PBXGroup;
			children = (
				C111F83723A17DB600601840 /* Concurrency_Labe.app */,
			);
			name = Products;
			sourceTree = "<group>";
		};
		C111F83923A17DB600601840 /* Concurrency_Labe */ = {
			isa = PBXGroup;
			children = (
				C111F83A23A17DB600601840 /* AppDelegate.swift */,
				C111F83C23A17DB600601840 /* SceneDelegate.swift */,
				C111F83E23A17DB600601840 /* CountryViewController.swift */,
				C1F16CC923A196DD00293C7E /* CountryCell.swift */,
				C111F84E23A17E4A00601840 /* CountryDetailViewController.swift */,
				C111F85023A17FB700601840 /* Country.swift */,
				C1BD000323A184F2007C7EA0 /* Network */,
				C111F84023A17DB600601840 /* Main.storyboard */,
				C111F84323A17DB900601840 /* Assets.xcassets */,
				C111F84523A17DB900601840 /* LaunchScreen.storyboard */,
				C111F84823A17DB900601840 /* Info.plist */,
			);
			path = Concurrency_Labe;
			sourceTree = "<group>";
		};
		C1BD000323A184F2007C7EA0 /* Network */ = {
			isa = PBXGroup;
			children = (
				C111F85423A181EE00601840 /* AppError.swift */,
				C1F16CCB23A1A7C000293C7E /* ImageClient.swift */,
				C1685CC423A18584008D464D /* CountryAPIClient.swift */,
				C111F85223A180F200601840 /* NetworkHelper.swift */,
			);
			path = Network;
			sourceTree = "<group>";
		};
/* End PBXGroup section */

/* Begin PBXNativeTarget section */
		C111F83623A17DB600601840 /* Concurrency_Labe */ = {
			isa = PBXNativeTarget;
			buildConfigurationList = C111F84B23A17DB900601840 /* Build configuration list for PBXNativeTarget "Concurrency_Labe" */;
			buildPhases = (
				C111F83323A17DB600601840 /* Sources */,
				C111F83423A17DB600601840 /* Frameworks */,
				C111F83523A17DB600601840 /* Resources */,
			);
			buildRules = (
			);
			dependencies = (
			);
			name = Concurrency_Labe;
			productName = Concurrency_Labe;
			productReference = C111F83723A17DB600601840 /* Concurrency_Labe.app */;
			productType = "com.apple.product-type.application";
		};
/* End PBXNativeTarget section */

/* Begin PBXProject section */
		C111F82F23A17DB600601840 /* Project object */ = {
			isa = PBXProject;
			attributes = {
				LastSwiftUpdateCheck = 1120;
				LastUpgradeCheck = 1120;
				ORGANIZATIONNAME = "Gregory Keeley";
				TargetAttributes = {
					C111F83623A17DB600601840 = {
						CreatedOnToolsVersion = 11.2.1;
					};
				};
			};
			buildConfigurationList = C111F83223A17DB600601840 /* Build configuration list for PBXProject "Concurrency_Labe" */;
			compatibilityVersion = "Xcode 9.3";
			developmentRegion = en;
			hasScannedForEncodings = 0;
			knownRegions = (
				en,
				Base,
			);
			mainGroup = C111F82E23A17DB600601840;
			productRefGroup = C111F83823A17DB600601840 /* Products */;
			projectDirPath = "";
			projectRoot = "";
			targets = (
				C111F83623A17DB600601840 /* Concurrency_Labe */,
			);
		};
/* End PBXProject section */

/* Begin PBXResourcesBuildPhase section */
		C111F83523A17DB600601840 /* Resources */ = {
			isa = PBXResourcesBuildPhase;
			buildActionMask = 2147483647;
			files = (
				C111F84723A17DB900601840 /* LaunchScreen.storyboard in Resources */,
				C111F84423A17DB900601840 /* Assets.xcassets in Resources */,
				C111F84223A17DB600601840 /* Main.storyboard in Resources */,
			);
			runOnlyForDeploymentPostprocessing = 0;
		};
/* End PBXResourcesBuildPhase section */

/* Begin PBXSourcesBuildPhase section */
		C111F83323A17DB600601840 /* Sources */ = {
			isa = PBXSourcesBuildPhase;
			buildActionMask = 2147483647;
			files = (
				C111F83F23A17DB600601840 /* CountryViewController.swift in Sources */,
				C111F83B23A17DB600601840 /* AppDelegate.swift in Sources */,
				C111F84F23A17E4A00601840 /* CountryDetailViewController.swift in Sources */,
				C111F85123A17FB700601840 /* Country.swift in Sources */,
				C111F85323A180F200601840 /* NetworkHelper.swift in Sources */,
				C111F83D23A17DB600601840 /* SceneDelegate.swift in Sources */,
				C111F85523A181EE00601840 /* AppError.swift in Sources */,
				C1685CC523A18584008D464D /* CountryAPIClient.swift in Sources */,
				C1F16CCC23A1A7C000293C7E /* ImageClient.swift in Sources */,
				C1F16CCA23A196DD00293C7E /* CountryCell.swift in Sources */,
			);
			runOnlyForDeploymentPostprocessing = 0;
		};
/* End PBXSourcesBuildPhase section */

/* Begin PBXVariantGroup section */
		C111F84023A17DB600601840 /* Main.storyboard */ = {
			isa = PBXVariantGroup;
			children = (
				C111F84123A17DB600601840 /* Base */,
			);
			name = Main.storyboard;
			sourceTree = "<group>";
		};
		C111F84523A17DB900601840 /* LaunchScreen.storyboard */ = {
			isa = PBXVariantGroup;
			children = (
				C111F84623A17DB900601840 /* Base */,
			);
			name = LaunchScreen.storyboard;
			sourceTree = "<group>";
		};
/* End PBXVariantGroup section */

/* Begin XCBuildConfiguration section */
		C111F84923A17DB900601840 /* Debug */ = {
			isa = XCBuildConfiguration;
			buildSettings = {
				ALWAYS_SEARCH_USER_PATHS = NO;
				CLANG_ANALYZER_NONNULL = YES;
				CLANG_ANALYZER_NUMBER_OBJECT_CONVERSION = YES_AGGRESSIVE;
				CLANG_CXX_LANGUAGE_STANDARD = "gnu++14";
				CLANG_CXX_LIBRARY = "libc++";
				CLANG_ENABLE_MODULES = YES;
				CLANG_ENABLE_OBJC_ARC = YES;
				CLANG_ENABLE_OBJC_WEAK = YES;
				CLANG_WARN_BLOCK_CAPTURE_AUTORELEASING = YES;
				CLANG_WARN_BOOL_CONVERSION = YES;
				CLANG_WARN_COMMA = YES;
				CLANG_WARN_CONSTANT_CONVERSION = YES;
				CLANG_WARN_DEPRECATED_OBJC_IMPLEMENTATIONS = YES;
				CLANG_WARN_DIRECT_OBJC_ISA_USAGE = YES_ERROR;
				CLANG_WARN_DOCUMENTATION_COMMENTS = YES;
				CLANG_WARN_EMPTY_BODY = YES;
				CLANG_WARN_ENUM_CONVERSION = YES;
				CLANG_WARN_INFINITE_RECURSION = YES;
				CLANG_WARN_INT_CONVERSION = YES;
				CLANG_WARN_NON_LITERAL_NULL_CONVERSION = YES;
				CLANG_WARN_OBJC_IMPLICIT_RETAIN_SELF = YES;
				CLANG_WARN_OBJC_LITERAL_CONVERSION = YES;
				CLANG_WARN_OBJC_ROOT_CLASS = YES_ERROR;
				CLANG_WARN_RANGE_LOOP_ANALYSIS = YES;
				CLANG_WARN_STRICT_PROTOTYPES = YES;
				CLANG_WARN_SUSPICIOUS_MOVE = YES;
				CLANG_WARN_UNGUARDED_AVAILABILITY = YES_AGGRESSIVE;
				CLANG_WARN_UNREACHABLE_CODE = YES;
				CLANG_WARN__DUPLICATE_METHOD_MATCH = YES;
				COPY_PHASE_STRIP = NO;
				DEBUG_INFORMATION_FORMAT = dwarf;
				ENABLE_STRICT_OBJC_MSGSEND = YES;
				ENABLE_TESTABILITY = YES;
				GCC_C_LANGUAGE_STANDARD = gnu11;
				GCC_DYNAMIC_NO_PIC = NO;
				GCC_NO_COMMON_BLOCKS = YES;
				GCC_OPTIMIZATION_LEVEL = 0;
				GCC_PREPROCESSOR_DEFINITIONS = (
					"DEBUG=1",
					"$(inherited)",
				);
				GCC_WARN_64_TO_32_BIT_CONVERSION = YES;
				GCC_WARN_ABOUT_RETURN_TYPE = YES_ERROR;
				GCC_WARN_UNDECLARED_SELECTOR = YES;
				GCC_WARN_UNINITIALIZED_AUTOS = YES_AGGRESSIVE;
				GCC_WARN_UNUSED_FUNCTION = YES;
				GCC_WARN_UNUSED_VARIABLE = YES;
				IPHONEOS_DEPLOYMENT_TARGET = 13.2;
				MTL_ENABLE_DEBUG_INFO = INCLUDE_SOURCE;
				MTL_FAST_MATH = YES;
				ONLY_ACTIVE_ARCH = YES;
				SDKROOT = iphoneos;
				SWIFT_ACTIVE_COMPILATION_CONDITIONS = DEBUG;
				SWIFT_OPTIMIZATION_LEVEL = "-Onone";
			};
			name = Debug;
		};
		C111F84A23A17DB900601840 /* Release */ = {
			isa = XCBuildConfiguration;
			buildSettings = {
				ALWAYS_SEARCH_USER_PATHS = NO;
				CLANG_ANALYZER_NONNULL = YES;
				CLANG_ANALYZER_NUMBER_OBJECT_CONVERSION = YES_AGGRESSIVE;
				CLANG_CXX_LANGUAGE_STANDARD = "gnu++14";
				CLANG_CXX_LIBRARY = "libc++";
				CLANG_ENABLE_MODULES = YES;
				CLANG_ENABLE_OBJC_ARC = YES;
				CLANG_ENABLE_OBJC_WEAK = YES;
				CLANG_WARN_BLOCK_CAPTURE_AUTORELEASING = YES;
				CLANG_WARN_BOOL_CONVERSION = YES;
				CLANG_WARN_COMMA = YES;
				CLANG_WARN_CONSTANT_CONVERSION = YES;
				CLANG_WARN_DEPRECATED_OBJC_IMPLEMENTATIONS = YES;
				CLANG_WARN_DIRECT_OBJC_ISA_USAGE = YES_ERROR;
				CLANG_WARN_DOCUMENTATION_COMMENTS = YES;
				CLANG_WARN_EMPTY_BODY = YES;
				CLANG_WARN_ENUM_CONVERSION = YES;
				CLANG_WARN_INFINITE_RECURSION = YES;
				CLANG_WARN_INT_CONVERSION = YES;
				CLANG_WARN_NON_LITERAL_NULL_CONVERSION = YES;
				CLANG_WARN_OBJC_IMPLICIT_RETAIN_SELF = YES;
				CLANG_WARN_OBJC_LITERAL_CONVERSION = YES;
				CLANG_WARN_OBJC_ROOT_CLASS = YES_ERROR;
				CLANG_WARN_RANGE_LOOP_ANALYSIS = YES;
				CLANG_WARN_STRICT_PROTOTYPES = YES;
				CLANG_WARN_SUSPICIOUS_MOVE = YES;
				CLANG_WARN_UNGUARDED_AVAILABILITY = YES_AGGRESSIVE;
				CLANG_WARN_UNREACHABLE_CODE = YES;
				CLANG_WARN__DUPLICATE_METHOD_MATCH = YES;
				COPY_PHASE_STRIP = NO;
				DEBUG_INFORMATION_FORMAT = "dwarf-with-dsym";
				ENABLE_NS_ASSERTIONS = NO;
				ENABLE_STRICT_OBJC_MSGSEND = YES;
				GCC_C_LANGUAGE_STANDARD = gnu11;
				GCC_NO_COMMON_BLOCKS = YES;
				GCC_WARN_64_TO_32_BIT_CONVERSION = YES;
				GCC_WARN_ABOUT_RETURN_TYPE = YES_ERROR;
				GCC_WARN_UNDECLARED_SELECTOR = YES;
				GCC_WARN_UNINITIALIZED_AUTOS = YES_AGGRESSIVE;
				GCC_WARN_UNUSED_FUNCTION = YES;
				GCC_WARN_UNUSED_VARIABLE = YES;
				IPHONEOS_DEPLOYMENT_TARGET = 13.2;
				MTL_ENABLE_DEBUG_INFO = NO;
				MTL_FAST_MATH = YES;
				SDKROOT = iphoneos;
				SWIFT_COMPILATION_MODE = wholemodule;
				SWIFT_OPTIMIZATION_LEVEL = "-O";
				VALIDATE_PRODUCT = YES;
			};
			name = Release;
		};
		C111F84C23A17DB900601840 /* Debug */ = {
			isa = XCBuildConfiguration;
			buildSettings = {
				ASSETCATALOG_COMPILER_APPICON_NAME = AppIcon;
				CODE_SIGN_STYLE = Automatic;
				DEVELOPMENT_TEAM = G4KQ459XHC;
				INFOPLIST_FILE = Concurrency_Labe/Info.plist;
				LD_RUNPATH_SEARCH_PATHS = (
					"$(inherited)",
					"@executable_path/Frameworks",
				);
				PRODUCT_BUNDLE_IDENTIFIER = "org.gregkeeley.Concurrency-Labe";
				PRODUCT_NAME = "$(TARGET_NAME)";
				SWIFT_VERSION = 5.0;
				TARGETED_DEVICE_FAMILY = "1,2";
			};
			name = Debug;
		};
		C111F84D23A17DB900601840 /* Release */ = {
			isa = XCBuildConfiguration;
			buildSettings = {
				ASSETCATALOG_COMPILER_APPICON_NAME = AppIcon;
				CODE_SIGN_STYLE = Automatic;
				DEVELOPMENT_TEAM = G4KQ459XHC;
				INFOPLIST_FILE = Concurrency_Labe/Info.plist;
				LD_RUNPATH_SEARCH_PATHS = (
					"$(inherited)",
					"@executable_path/Frameworks",
				);
				PRODUCT_BUNDLE_IDENTIFIER = "org.gregkeeley.Concurrency-Labe";
				PRODUCT_NAME = "$(TARGET_NAME)";
				SWIFT_VERSION = 5.0;
				TARGETED_DEVICE_FAMILY = "1,2";
			};
			name = Release;
		};
/* End XCBuildConfiguration section */

/* Begin XCConfigurationList section */
		C111F83223A17DB600601840 /* Build configuration list for PBXProject "Concurrency_Labe" */ = {
			isa = XCConfigurationList;
			buildConfigurations = (
				C111F84923A17DB900601840 /* Debug */,
				C111F84A23A17DB900601840 /* Release */,
			);
			defaultConfigurationIsVisible = 0;
			defaultConfigurationName = Release;
		};
		C111F84B23A17DB900601840 /* Build configuration list for PBXNativeTarget "Concurrency_Labe" */ = {
			isa = XCConfigurationList;
			buildConfigurations = (
				C111F84C23A17DB900601840 /* Debug */,
				C111F84D23A17DB900601840 /* Release */,
			);
			defaultConfigurationIsVisible = 0;
			defaultConfigurationName = Release;
		};
/* End XCConfigurationList section */
	};
	rootObject = C111F82F23A17DB600601840 /* Project object */;
}
